
Microsoft Visual Studio Solution File, Format Version 12.00
# Visual Studio Version 17
VisualStudioVersion = 17.0.31919.166
MinimumVisualStudioVersion = 10.0.40219.1
Project("{9A19103F-16F7-4668-BE54-9A1E7A4F7556}") = "BlazorComponentsLibrary", "BlazorComponentsLibrary\BlazorComponentsLibrary.csproj", "{64728017-B5D0-4CD7-AB3F-585BAEB96D4B}"
EndProject
Project("{9A19103F-16F7-4668-BE54-9A1E7A4F7556}") = "IWorkTooMuch.Blazor.Components", "IWorkTooMuch.Blazor.Components\IWorkTooMuch.Blazor.Components.csproj", "{8E16CD1D-8EE6-43AA-BDB9-C28D26D427F5}"
EndProject
Project("{FAE04EC0-301F-11D3-BF4B-00C04F79EFBC}") = "Blazyor", "Blazyor\Blazyor.csproj", "{2EC7FD35-B443-495E-9A10-80A6936734AB}"
EndProject
Global
	GlobalSection(SolutionConfigurationPlatforms) = preSolution
		Debug|Any CPU = Debug|Any CPU
		Release|Any CPU = Release|Any CPU
	EndGlobalSection
	GlobalSection(ProjectConfigurationPlatforms) = postSolution
		{64728017-B5D0-4CD7-AB3F-585BAEB96D4B}.Debug|Any CPU.ActiveCfg = Debug|Any CPU
		{64728017-B5D0-4CD7-AB3F-585BAEB96D4B}.Debug|Any CPU.Build.0 = Debug|Any CPU
		{64728017-B5D0-4CD7-AB3F-585BAEB96D4B}.Release|Any CPU.ActiveCfg = Release|Any CPU
		{64728017-B5D0-4CD7-AB3F-585BAEB96D4B}.Release|Any CPU.Build.0 = Release|Any CPU
		{8E16CD1D-8EE6-43AA-BDB9-C28D26D427F5}.Debug|Any CPU.ActiveCfg = Debug|Any CPU
		{8E16CD1D-8EE6-43AA-BDB9-C28D26D427F5}.Debug|Any CPU.Build.0 = Debug|Any CPU
		{8E16CD1D-8EE6-43AA-BDB9-C28D26D427F5}.Release|Any CPU.ActiveCfg = Release|Any CPU
		{8E16CD1D-8EE6-43AA-BDB9-C28D26D427F5}.Release|Any CPU.Build.0 = Release|Any CPU
		{2EC7FD35-B443-495E-9A10-80A6936734AB}.Debug|Any CPU.ActiveCfg = Debug|Any CPU
		{2EC7FD35-B443-495E-9A10-80A6936734AB}.Debug|Any CPU.Build.0 = Debug|Any CPU
		{2EC7FD35-B443-495E-9A10-80A6936734AB}.Release|Any CPU.ActiveCfg = Release|Any CPU
		{2EC7FD35-B443-495E-9A10-80A6936734AB}.Release|Any CPU.Build.0 = Release|Any CPU
	EndGlobalSection
	GlobalSection(SolutionProperties) = preSolution
		HideSolutionNode = FALSE
	EndGlobalSection
	GlobalSection(ExtensibilityGlobals) = postSolution
		SolutionGuid = {C44A1FCD-0498-40DF-B32A-73F3346F4520}
	EndGlobalSection
EndGlobal
